{
  "version": 4,
  "terraform_version": "1.9.5",
  "serial": 32,
  "lineage": "9061b5e8-164a-24b2-b351-9aa6b655eb6f",
  "outputs": {},
  "resources": [
    {
      "mode": "managed",
      "type": "local_file",
      "name": "products",
      "provider": "provider[\"registry.terraform.io/hashicorp/local\"]",
      "instances": [
        {
          "index_key": 0,
          "schema_version": 0,
          "attributes": {
            "content": "Next month products",
            "content_base64": null,
            "content_base64sha256": "u0QXbWCh/EDCQI3Dog6v0hDCaccXIfuW3DJQsGO4uvg=",
            "content_base64sha512": "SFYwkRt0/SMDKY0DjeEqZ1qR+1hX4Z3hHmL//4Zq9nMr8/0Dq2IIVokDxb5Uxqg+Tefex62IhlfkmITcnHfW5g==",
            "content_md5": "f9122a70ae1c72ba41febb84e454772f",
            "content_sha1": "3b357ded13373ffb2b63f54b246bf2c74c68b524",
            "content_sha256": "bb44176d60a1fc40c2408dc3a20eafd210c269c71721fb96dc3250b063b8baf8",
            "content_sha512": "485630911b74fd2303298d038de12a675a91fb5857e19de11e62ffff866af6732bf3fd03ab6208568903c5be54c6a83e4de7dec7ad888657e49884dc9c77d6e6",
            "directory_permission": "0777",
            "file_permission": "0777",
            "filename": "products-guim.txt",
            "id": "3b357ded13373ffb2b63f54b246bf2c74c68b524",
            "sensitive_content": null,
            "source": null
          },
          "sensitive_attributes": [
            [
              {
                "type": "get_attr",
                "value": "sensitive_content"
              }
            ]
          ],
          "dependencies": [
            "random_string.sufijo"
          ]
        },
        {
          "index_key": 1,
          "schema_version": 0,
          "attributes": {
            "content": "Next month products",
            "content_base64": null,
            "content_base64sha256": "u0QXbWCh/EDCQI3Dog6v0hDCaccXIfuW3DJQsGO4uvg=",
            "content_base64sha512": "SFYwkRt0/SMDKY0DjeEqZ1qR+1hX4Z3hHmL//4Zq9nMr8/0Dq2IIVokDxb5Uxqg+Tefex62IhlfkmITcnHfW5g==",
            "content_md5": "f9122a70ae1c72ba41febb84e454772f",
            "content_sha1": "3b357ded13373ffb2b63f54b246bf2c74c68b524",
            "content_sha256": "bb44176d60a1fc40c2408dc3a20eafd210c269c71721fb96dc3250b063b8baf8",
            "content_sha512": "485630911b74fd2303298d038de12a675a91fb5857e19de11e62ffff866af6732bf3fd03ab6208568903c5be54c6a83e4de7dec7ad888657e49884dc9c77d6e6",
            "directory_permission": "0777",
            "file_permission": "0777",
            "filename": "products-fkuf.txt",
            "id": "3b357ded13373ffb2b63f54b246bf2c74c68b524",
            "sensitive_content": null,
            "source": null
          },
          "sensitive_attributes": [
            [
              {
                "type": "get_attr",
                "value": "sensitive_content"
              }
            ]
          ],
          "dependencies": [
            "random_string.sufijo"
          ]
        },
        {
          "index_key": 2,
          "schema_version": 0,
          "attributes": {
            "content": "Next month products",
            "content_base64": null,
            "content_base64sha256": "u0QXbWCh/EDCQI3Dog6v0hDCaccXIfuW3DJQsGO4uvg=",
            "content_base64sha512": "SFYwkRt0/SMDKY0DjeEqZ1qR+1hX4Z3hHmL//4Zq9nMr8/0Dq2IIVokDxb5Uxqg+Tefex62IhlfkmITcnHfW5g==",
            "content_md5": "f9122a70ae1c72ba41febb84e454772f",
            "content_sha1": "3b357ded13373ffb2b63f54b246bf2c74c68b524",
            "content_sha256": "bb44176d60a1fc40c2408dc3a20eafd210c269c71721fb96dc3250b063b8baf8",
            "content_sha512": "485630911b74fd2303298d038de12a675a91fb5857e19de11e62ffff866af6732bf3fd03ab6208568903c5be54c6a83e4de7dec7ad888657e49884dc9c77d6e6",
            "directory_permission": "0777",
            "file_permission": "0777",
            "filename": "products-yibd.txt",
            "id": "3b357ded13373ffb2b63f54b246bf2c74c68b524",
            "sensitive_content": null,
            "source": null
          },
          "sensitive_attributes": [
            [
              {
                "type": "get_attr",
                "value": "sensitive_content"
              }
            ]
          ],
          "dependencies": [
            "random_string.sufijo"
          ]
        },
        {
          "index_key": 3,
          "schema_version": 0,
          "attributes": {
            "content": "Next month products",
            "content_base64": null,
            "content_base64sha256": "u0QXbWCh/EDCQI3Dog6v0hDCaccXIfuW3DJQsGO4uvg=",
            "content_base64sha512": "SFYwkRt0/SMDKY0DjeEqZ1qR+1hX4Z3hHmL//4Zq9nMr8/0Dq2IIVokDxb5Uxqg+Tefex62IhlfkmITcnHfW5g==",
            "content_md5": "f9122a70ae1c72ba41febb84e454772f",
            "content_sha1": "3b357ded13373ffb2b63f54b246bf2c74c68b524",
            "content_sha256": "bb44176d60a1fc40c2408dc3a20eafd210c269c71721fb96dc3250b063b8baf8",
            "content_sha512": "485630911b74fd2303298d038de12a675a91fb5857e19de11e62ffff866af6732bf3fd03ab6208568903c5be54c6a83e4de7dec7ad888657e49884dc9c77d6e6",
            "directory_permission": "0777",
            "file_permission": "0777",
            "filename": "products-lyna.txt",
            "id": "3b357ded13373ffb2b63f54b246bf2c74c68b524",
            "sensitive_content": null,
            "source": null
          },
          "sensitive_attributes": [
            [
              {
                "type": "get_attr",
                "value": "sensitive_content"
              }
            ]
          ],
          "dependencies": [
            "random_string.sufijo"
          ]
        },
        {
          "index_key": 4,
          "schema_version": 0,
          "attributes": {
            "content": "Next month products",
            "content_base64": null,
            "content_base64sha256": "u0QXbWCh/EDCQI3Dog6v0hDCaccXIfuW3DJQsGO4uvg=",
            "content_base64sha512": "SFYwkRt0/SMDKY0DjeEqZ1qR+1hX4Z3hHmL//4Zq9nMr8/0Dq2IIVokDxb5Uxqg+Tefex62IhlfkmITcnHfW5g==",
            "content_md5": "f9122a70ae1c72ba41febb84e454772f",
            "content_sha1": "3b357ded13373ffb2b63f54b246bf2c74c68b524",
            "content_sha256": "bb44176d60a1fc40c2408dc3a20eafd210c269c71721fb96dc3250b063b8baf8",
            "content_sha512": "485630911b74fd2303298d038de12a675a91fb5857e19de11e62ffff866af6732bf3fd03ab6208568903c5be54c6a83e4de7dec7ad888657e49884dc9c77d6e6",
            "directory_permission": "0777",
            "file_permission": "0777",
            "filename": "products-idug.txt",
            "id": "3b357ded13373ffb2b63f54b246bf2c74c68b524",
            "sensitive_content": null,
            "source": null
          },
          "sensitive_attributes": [
            [
              {
                "type": "get_attr",
                "value": "sensitive_content"
              }
            ]
          ],
          "dependencies": [
            "random_string.sufijo"
          ]
        }
      ]
    },
    {
      "mode": "managed",
      "type": "random_string",
      "name": "sufijo",
      "provider": "provider[\"registry.terraform.io/hashicorp/random\"]",
      "instances": [
        {
          "index_key": 0,
          "schema_version": 2,
          "attributes": {
            "id": "guim",
            "keepers": null,
            "length": 4,
            "lower": true,
            "min_lower": 0,
            "min_numeric": 0,
            "min_special": 0,
            "min_upper": 0,
            "number": false,
            "numeric": false,
            "override_special": null,
            "result": "guim",
            "special": false,
            "upper": false
          },
          "sensitive_attributes": []
        },
        {
          "index_key": 1,
          "schema_version": 2,
          "attributes": {
            "id": "fkuf",
            "keepers": null,
            "length": 4,
            "lower": true,
            "min_lower": 0,
            "min_numeric": 0,
            "min_special": 0,
            "min_upper": 0,
            "number": false,
            "numeric": false,
            "override_special": null,
            "result": "fkuf",
            "special": false,
            "upper": false
          },
          "sensitive_attributes": []
        },
        {
          "index_key": 2,
          "schema_version": 2,
          "attributes": {
            "id": "yibd",
            "keepers": null,
            "length": 4,
            "lower": true,
            "min_lower": 0,
            "min_numeric": 0,
            "min_special": 0,
            "min_upper": 0,
            "number": false,
            "numeric": false,
            "override_special": null,
            "result": "yibd",
            "special": false,
            "upper": false
          },
          "sensitive_attributes": []
        },
        {
          "index_key": 3,
          "schema_version": 2,
          "attributes": {
            "id": "lyna",
            "keepers": null,
            "length": 4,
            "lower": true,
            "min_lower": 0,
            "min_numeric": 0,
            "min_special": 0,
            "min_upper": 0,
            "number": false,
            "numeric": false,
            "override_special": null,
            "result": "lyna",
            "special": false,
            "upper": false
          },
          "sensitive_attributes": []
        },
        {
          "index_key": 4,
          "schema_version": 2,
          "attributes": {
            "id": "idug",
            "keepers": null,
            "length": 4,
            "lower": true,
            "min_lower": 0,
            "min_numeric": 0,
            "min_special": 0,
            "min_upper": 0,
            "number": false,
            "numeric": false,
            "override_special": null,
            "result": "idug",
            "special": false,
            "upper": false
          },
          "sensitive_attributes": []
        }
      ]
    }
  ],
  "check_results": null
}
